
Microsoft Visual Studio Solution File, Format Version 12.00
# Visual Studio Version 17
VisualStudioVersion = 17.2.32616.157
MinimumVisualStudioVersion = 10.0.40219.1
Project("{8BC9CEB8-8B4A-11D0-8D11-00A0C91BC942}") = "Process1", "WindowsKernelObjects\WindowsKernelObjects.vcxproj", "{6392782D-2F46-49F5-AB65-29E1E903B049}"
EndProject
Project("{8BC9CEB8-8B4A-11D0-8D11-00A0C91BC942}") = "Process2", "Process2\Process2.vcxproj", "{347F3E76-E221-4F58-8E1A-D82F696D195F}"
EndProject
Global
	GlobalSection(SolutionConfigurationPlatforms) = preSolution
		Debug|x64 = Debug|x64
		Debug|x86 = Debug|x86
		Release|x64 = Release|x64
		Release|x86 = Release|x86
	EndGlobalSection
	GlobalSection(ProjectConfigurationPlatforms) = postSolution
		{6392782D-2F46-49F5-AB65-29E1E903B049}.Debug|x64.ActiveCfg = Debug|x64
		{6392782D-2F46-49F5-AB65-29E1E903B049}.Debug|x64.Build.0 = Debug|x64
		{6392782D-2F46-49F5-AB65-29E1E903B049}.Debug|x86.ActiveCfg = Debug|Win32
		{6392782D-2F46-49F5-AB65-29E1E903B049}.Debug|x86.Build.0 = Debug|Win32
		{6392782D-2F46-49F5-AB65-29E1E903B049}.Release|x64.ActiveCfg = Release|x64
		{6392782D-2F46-49F5-AB65-29E1E903B049}.Release|x64.Build.0 = Release|x64
		{6392782D-2F46-49F5-AB65-29E1E903B049}.Release|x86.ActiveCfg = Release|Win32
		{6392782D-2F46-49F5-AB65-29E1E903B049}.Release|x86.Build.0 = Release|Win32
		{347F3E76-E221-4F58-8E1A-D82F696D195F}.Debug|x64.ActiveCfg = Debug|x64
		{347F3E76-E221-4F58-8E1A-D82F696D195F}.Debug|x64.Build.0 = Debug|x64
		{347F3E76-E221-4F58-8E1A-D82F696D195F}.Debug|x86.ActiveCfg = Debug|Win32
		{347F3E76-E221-4F58-8E1A-D82F696D195F}.Debug|x86.Build.0 = Debug|Win32
		{347F3E76-E221-4F58-8E1A-D82F696D195F}.Release|x64.ActiveCfg = Release|x64
		{347F3E76-E221-4F58-8E1A-D82F696D195F}.Release|x64.Build.0 = Release|x64
		{347F3E76-E221-4F58-8E1A-D82F696D195F}.Release|x86.ActiveCfg = Release|Win32
		{347F3E76-E221-4F58-8E1A-D82F696D195F}.Release|x86.Build.0 = Release|Win32
	EndGlobalSection
	GlobalSection(SolutionProperties) = preSolution
		HideSolutionNode = FALSE
	EndGlobalSection
	GlobalSection(ExtensibilityGlobals) = postSolution
		SolutionGuid = {AA5FA97D-0136-4C90-ABBB-9315D275C6EE}
	EndGlobalSection
EndGlobal
